
Microsoft Visual Studio Solution File, Format Version 12.00
# Visual Studio 15
VisualStudioVersion = 15.0.27428.2005
MinimumVisualStudioVersion = 10.0.40219.1
Project("{FAE04EC0-301F-11D3-BF4B-00C04F79EFBC}") = "ConvertDateDLL", "ConvertDateDLL\ConvertDateDLL.csproj", "{74BB4AA5-EAB8-4528-94B2-0F43366D51A7}"
EndProject
Project("{FAE04EC0-301F-11D3-BF4B-00C04F79EFBC}") = "EjecutableConvertDate", "EjecutableConvertDate\EjecutableConvertDate.csproj", "{5E53EA69-83F4-4DFF-8992-3412345EAEEA}"
EndProject
Global
	GlobalSection(SolutionConfigurationPlatforms) = preSolution
		Debug|Any CPU = Debug|Any CPU
		Release|Any CPU = Release|Any CPU
	EndGlobalSection
	GlobalSection(ProjectConfigurationPlatforms) = postSolution
		{74BB4AA5-EAB8-4528-94B2-0F43366D51A7}.Debug|Any CPU.ActiveCfg = Debug|Any CPU
		{74BB4AA5-EAB8-4528-94B2-0F43366D51A7}.Debug|Any CPU.Build.0 = Debug|Any CPU
		{74BB4AA5-EAB8-4528-94B2-0F43366D51A7}.Release|Any CPU.ActiveCfg = Release|Any CPU
		{74BB4AA5-EAB8-4528-94B2-0F43366D51A7}.Release|Any CPU.Build.0 = Release|Any CPU
		{5E53EA69-83F4-4DFF-8992-3412345EAEEA}.Debug|Any CPU.ActiveCfg = Debug|Any CPU
		{5E53EA69-83F4-4DFF-8992-3412345EAEEA}.Debug|Any CPU.Build.0 = Debug|Any CPU
		{5E53EA69-83F4-4DFF-8992-3412345EAEEA}.Release|Any CPU.ActiveCfg = Release|Any CPU
		{5E53EA69-83F4-4DFF-8992-3412345EAEEA}.Release|Any CPU.Build.0 = Release|Any CPU
	EndGlobalSection
	GlobalSection(SolutionProperties) = preSolution
		HideSolutionNode = FALSE
	EndGlobalSection
	GlobalSection(ExtensibilityGlobals) = postSolution
		SolutionGuid = {2DB6CC19-E273-4305-9D94-5226CFCABC7A}
	EndGlobalSection
EndGlobal
